
Microsoft Visual Studio Solution File, Format Version 12.00
# Visual Studio Version 17
VisualStudioVersion = 17.3.32804.467
MinimumVisualStudioVersion = 10.0.40219.1
Project("{9A19103F-16F7-4668-BE54-9A1E7A4F7556}") = "LocationTracking.Dashboard", "LocationTracking.Dashboard\LocationTracking.Dashboard.csproj", "{D947B571-BE91-4616-8D41-6ECED45FB8FF}"
EndProject
Project("{9A19103F-16F7-4668-BE54-9A1E7A4F7556}") = "LocationTracking.Grains", "LocationTracking.Grains\LocationTracking.Grains.csproj", "{68954196-215E-434D-B28E-E3B67EED0ECF}"
EndProject
Project("{9A19103F-16F7-4668-BE54-9A1E7A4F7556}") = "LocationTracking.Silo", "LocationTracking.Silo\LocationTracking.Silo.csproj", "{29456BF1-7D74-4A28-AF8E-1A6DACBDDDA6}"
EndProject
Project("{9A19103F-16F7-4668-BE54-9A1E7A4F7556}") = "LocationTracking.Simulator", "LocationTracking.Simulator\LocationTracking.Simulator.csproj", "{C259B85C-0A7B-42BF-9123-64A79C846825}"
EndProject
Global
	GlobalSection(SolutionConfigurationPlatforms) = preSolution
		Debug|Any CPU = Debug|Any CPU
		Release|Any CPU = Release|Any CPU
	EndGlobalSection
	GlobalSection(ProjectConfigurationPlatforms) = postSolution
		{D947B571-BE91-4616-8D41-6ECED45FB8FF}.Debug|Any CPU.ActiveCfg = Debug|Any CPU
		{D947B571-BE91-4616-8D41-6ECED45FB8FF}.Debug|Any CPU.Build.0 = Debug|Any CPU
		{D947B571-BE91-4616-8D41-6ECED45FB8FF}.Release|Any CPU.ActiveCfg = Release|Any CPU
		{D947B571-BE91-4616-8D41-6ECED45FB8FF}.Release|Any CPU.Build.0 = Release|Any CPU
		{68954196-215E-434D-B28E-E3B67EED0ECF}.Debug|Any CPU.ActiveCfg = Debug|Any CPU
		{68954196-215E-434D-B28E-E3B67EED0ECF}.Debug|Any CPU.Build.0 = Debug|Any CPU
		{68954196-215E-434D-B28E-E3B67EED0ECF}.Release|Any CPU.ActiveCfg = Release|Any CPU
		{68954196-215E-434D-B28E-E3B67EED0ECF}.Release|Any CPU.Build.0 = Release|Any CPU
		{29456BF1-7D74-4A28-AF8E-1A6DACBDDDA6}.Debug|Any CPU.ActiveCfg = Debug|Any CPU
		{29456BF1-7D74-4A28-AF8E-1A6DACBDDDA6}.Debug|Any CPU.Build.0 = Debug|Any CPU
		{29456BF1-7D74-4A28-AF8E-1A6DACBDDDA6}.Release|Any CPU.ActiveCfg = Release|Any CPU
		{29456BF1-7D74-4A28-AF8E-1A6DACBDDDA6}.Release|Any CPU.Build.0 = Release|Any CPU
		{C259B85C-0A7B-42BF-9123-64A79C846825}.Debug|Any CPU.ActiveCfg = Debug|Any CPU
		{C259B85C-0A7B-42BF-9123-64A79C846825}.Debug|Any CPU.Build.0 = Debug|Any CPU
		{C259B85C-0A7B-42BF-9123-64A79C846825}.Release|Any CPU.ActiveCfg = Release|Any CPU
		{C259B85C-0A7B-42BF-9123-64A79C846825}.Release|Any CPU.Build.0 = Release|Any CPU
	EndGlobalSection
	GlobalSection(SolutionProperties) = preSolution
		HideSolutionNode = FALSE
	EndGlobalSection
	GlobalSection(ExtensibilityGlobals) = postSolution
		SolutionGuid = {23FE557D-FB60-49B8-A6FB-9B5E36358B16}
	EndGlobalSection
EndGlobal
